
Microsoft Visual Studio Solution File, Format Version 12.00
# Visual Studio Version 17
VisualStudioVersion = 17.11.35222.181
MinimumVisualStudioVersion = 10.0.40219.1
Project("{FAE04EC0-301F-11D3-BF4B-00C04F79EFBC}") = "TxtServerAsAPIDocker", "TxtServerAsAPIDocker\TxtServerAsAPIDocker.csproj", "{F9BB9A8C-C682-4E6B-ABDA-8D62B724493E}"
EndProject
Global
	GlobalSection(SolutionConfigurationPlatforms) = preSolution
		Debug|Any CPU = Debug|Any CPU
		Release|Any CPU = Release|Any CPU
	EndGlobalSection
	GlobalSection(ProjectConfigurationPlatforms) = postSolution
		{F9BB9A8C-C682-4E6B-ABDA-8D62B724493E}.Debug|Any CPU.ActiveCfg = Debug|Any CPU
		{F9BB9A8C-C682-4E6B-ABDA-8D62B724493E}.Debug|Any CPU.Build.0 = Debug|Any CPU
		{F9BB9A8C-C682-4E6B-ABDA-8D62B724493E}.Release|Any CPU.ActiveCfg = Release|Any CPU
		{F9BB9A8C-C682-4E6B-ABDA-8D62B724493E}.Release|Any CPU.Build.0 = Release|Any CPU
	EndGlobalSection
	GlobalSection(SolutionProperties) = preSolution
		HideSolutionNode = FALSE
	EndGlobalSection
	GlobalSection(ExtensibilityGlobals) = postSolution
		SolutionGuid = {0FADB876-0957-41DE-9E5D-600107738508}
	EndGlobalSection
EndGlobal
